
Microsoft Visual Studio Solution File, Format Version 12.00
# Visual Studio Version 17
VisualStudioVersion = 17.3.32929.385
MinimumVisualStudioVersion = 10.0.40219.1
Project("{FAE04EC0-301F-11D3-BF4B-00C04F79EFBC}") = "WebUI", "WebUI\WebUI.csproj", "{AFC87D77-8E34-4F3F-8431-458E1B2D6D31}"
EndProject
Project("{FAE04EC0-301F-11D3-BF4B-00C04F79EFBC}") = "Business", "Business\Business.csproj", "{DD3FCFC2-1CEA-4EA6-93EA-A697501B876F}"
EndProject
Project("{FAE04EC0-301F-11D3-BF4B-00C04F79EFBC}") = "Core", "Core\Core.csproj", "{265B0C39-A1F2-41D3-962F-61204598D426}"
EndProject
Project("{FAE04EC0-301F-11D3-BF4B-00C04F79EFBC}") = "DataAccess", "DataAccess\DataAccess.csproj", "{0645F916-4053-4507-8B82-005CCD58ACC9}"
EndProject
Project("{FAE04EC0-301F-11D3-BF4B-00C04F79EFBC}") = "Entities", "Entities\Entities.csproj", "{EC2A1604-E548-40B5-B36A-E3CEEC7A4ACD}"
EndProject
Global
	GlobalSection(SolutionConfigurationPlatforms) = preSolution
		Debug|Any CPU = Debug|Any CPU
		Release|Any CPU = Release|Any CPU
	EndGlobalSection
	GlobalSection(ProjectConfigurationPlatforms) = postSolution
		{AFC87D77-8E34-4F3F-8431-458E1B2D6D31}.Debug|Any CPU.ActiveCfg = Debug|Any CPU
		{AFC87D77-8E34-4F3F-8431-458E1B2D6D31}.Debug|Any CPU.Build.0 = Debug|Any CPU
		{AFC87D77-8E34-4F3F-8431-458E1B2D6D31}.Release|Any CPU.ActiveCfg = Release|Any CPU
		{AFC87D77-8E34-4F3F-8431-458E1B2D6D31}.Release|Any CPU.Build.0 = Release|Any CPU
		{DD3FCFC2-1CEA-4EA6-93EA-A697501B876F}.Debug|Any CPU.ActiveCfg = Debug|Any CPU
		{DD3FCFC2-1CEA-4EA6-93EA-A697501B876F}.Debug|Any CPU.Build.0 = Debug|Any CPU
		{DD3FCFC2-1CEA-4EA6-93EA-A697501B876F}.Release|Any CPU.ActiveCfg = Release|Any CPU
		{DD3FCFC2-1CEA-4EA6-93EA-A697501B876F}.Release|Any CPU.Build.0 = Release|Any CPU
		{265B0C39-A1F2-41D3-962F-61204598D426}.Debug|Any CPU.ActiveCfg = Debug|Any CPU
		{265B0C39-A1F2-41D3-962F-61204598D426}.Debug|Any CPU.Build.0 = Debug|Any CPU
		{265B0C39-A1F2-41D3-962F-61204598D426}.Release|Any CPU.ActiveCfg = Release|Any CPU
		{265B0C39-A1F2-41D3-962F-61204598D426}.Release|Any CPU.Build.0 = Release|Any CPU
		{0645F916-4053-4507-8B82-005CCD58ACC9}.Debug|Any CPU.ActiveCfg = Debug|Any CPU
		{0645F916-4053-4507-8B82-005CCD58ACC9}.Debug|Any CPU.Build.0 = Debug|Any CPU
		{0645F916-4053-4507-8B82-005CCD58ACC9}.Release|Any CPU.ActiveCfg = Release|Any CPU
		{0645F916-4053-4507-8B82-005CCD58ACC9}.Release|Any CPU.Build.0 = Release|Any CPU
		{EC2A1604-E548-40B5-B36A-E3CEEC7A4ACD}.Debug|Any CPU.ActiveCfg = Debug|Any CPU
		{EC2A1604-E548-40B5-B36A-E3CEEC7A4ACD}.Debug|Any CPU.Build.0 = Debug|Any CPU
		{EC2A1604-E548-40B5-B36A-E3CEEC7A4ACD}.Release|Any CPU.ActiveCfg = Release|Any CPU
		{EC2A1604-E548-40B5-B36A-E3CEEC7A4ACD}.Release|Any CPU.Build.0 = Release|Any CPU
	EndGlobalSection
	GlobalSection(SolutionProperties) = preSolution
		HideSolutionNode = FALSE
	EndGlobalSection
	GlobalSection(ExtensibilityGlobals) = postSolution
		SolutionGuid = {C7B661A1-6B9B-41E3-B3EC-99FFE484F1B7}
	EndGlobalSection
EndGlobal
